
Microsoft Visual Studio Solution File, Format Version 12.00
# Visual Studio Version 17
VisualStudioVersion = 17.13.35913.81 d17.13
MinimumVisualStudioVersion = 10.0.40219.1
Project("{FAE04EC0-301F-11D3-BF4B-00C04F79EFBC}") = "MDocReader", "MDocReader\MDocReader.csproj", "{FBC7452D-C472-43AB-862B-90657C2AC6EB}"
EndProject
Global
	GlobalSection(SolutionConfigurationPlatforms) = preSolution
		Debug|Any CPU = Debug|Any CPU
		Release|Any CPU = Release|Any CPU
	EndGlobalSection
	GlobalSection(ProjectConfigurationPlatforms) = postSolution
		{FBC7452D-C472-43AB-862B-90657C2AC6EB}.Debug|Any CPU.ActiveCfg = Debug|Any CPU
		{FBC7452D-C472-43AB-862B-90657C2AC6EB}.Debug|Any CPU.Build.0 = Debug|Any CPU
		{FBC7452D-C472-43AB-862B-90657C2AC6EB}.Release|Any CPU.ActiveCfg = Release|Any CPU
		{FBC7452D-C472-43AB-862B-90657C2AC6EB}.Release|Any CPU.Build.0 = Release|Any CPU
	EndGlobalSection
	GlobalSection(SolutionProperties) = preSolution
		HideSolutionNode = FALSE
	EndGlobalSection
	GlobalSection(ExtensibilityGlobals) = postSolution
		SolutionGuid = {AC9BB102-1388-40EA-B8BD-9FC37C4EAB91}
	EndGlobalSection
EndGlobal
